# Generated by clients/scripts/generate.sh. DO NOT EDIT BY HAND.
#
# What each line is for:
#   spec       the spec the committed clients were generated from. If the spec
#              changes and nobody regenerates, check-drift.sh fails on this.
#   generator  the pinned toolchain. Output is byte-compared, so a version
#              change is a content change.
#   tree       a digest over the contents AND the layout of each generated
#              package, so a hand-edit of generated code fails too.
spec	d923c1e46e8038c42e08dfbedb331cefb2c40a9d8232346fb7fec79dbefeadfe	openapi/chat-api.yaml
generator	v1.24.0	ogen
generator	0.26.1	openapi-python-client
generator	0.13.3	ruff
tree	04bb838b5c80f9c277a65e41eb44c011911a033fb10446923335cb882c99eb0a	go/chatapi
tree	c61b27724da62ca8f37f37a8a0b5d063cb0c588e3af6489dca91552a315cc90e	python/dhaam_ccrm_chat
