# Generated by clients/scripts/generate.sh. DO NOT EDIT BY HAND.
#
# What each line is for:
#   spec       the spec the committed clients were generated from. If the spec
#              changes and nobody regenerates, check-drift.sh fails on this.
#   generator  the pinned toolchain. Output is byte-compared, so a version
#              change is a content change.
#   tree       a digest over the contents AND the layout of each generated
#              package, so a hand-edit of generated code fails too.
spec	749e36a5dd156a0fa94dc2c14a06f28b577b067d2b4e7e6a9c7a26cfb5ca5c69	openapi/chat-api.yaml
generator	v1.24.0	ogen
generator	0.26.1	openapi-python-client
generator	0.13.3	ruff
tree	e5010865533a0863782a41678edf4e63bb94e1f8bea13f61de0bc57a1dd997f4	go/chatapi
tree	37229e414ec8738d37fbe9ef7ed739b4d54dcdd4b3f9336198cbf5f710baf736	python/dhaam_ccrm_chat
